
Microsoft Visual Studio Solution File, Format Version 12.00
# Visual Studio 15
VisualStudioVersion = 15.0.28307.168
MinimumVisualStudioVersion = 10.0.40219.1
Project("{FAE04EC0-301F-11D3-BF4B-00C04F79EFBC}") = "Hoplon.Domain", "Domain\Hoplon.Domain\Hoplon.Domain.csproj", "{238B5252-1DDA-476C-926B-14E40C36B988}"
EndProject
Project("{FAE04EC0-301F-11D3-BF4B-00C04F79EFBC}") = "Hoplon.Tests", "UnitTests\Hoplon.Tests\Hoplon.Tests.csproj", "{44081763-5133-442A-8339-C4324DFDE325}"
EndProject
Project("{FAE04EC0-301F-11D3-BF4B-00C04F79EFBC}") = "Hoplon.API", "API\Hoplon.API\Hoplon.API.csproj", "{EF345610-EF4D-4F7E-84E4-EA942E6B83BC}"
EndProject
Global
	GlobalSection(SolutionConfigurationPlatforms) = preSolution
		Debug|Any CPU = Debug|Any CPU
		Release|Any CPU = Release|Any CPU
	EndGlobalSection
	GlobalSection(ProjectConfigurationPlatforms) = postSolution
		{238B5252-1DDA-476C-926B-14E40C36B988}.Debug|Any CPU.ActiveCfg = Debug|Any CPU
		{238B5252-1DDA-476C-926B-14E40C36B988}.Debug|Any CPU.Build.0 = Debug|Any CPU
		{238B5252-1DDA-476C-926B-14E40C36B988}.Release|Any CPU.ActiveCfg = Release|Any CPU
		{238B5252-1DDA-476C-926B-14E40C36B988}.Release|Any CPU.Build.0 = Release|Any CPU
		{44081763-5133-442A-8339-C4324DFDE325}.Debug|Any CPU.ActiveCfg = Debug|Any CPU
		{44081763-5133-442A-8339-C4324DFDE325}.Debug|Any CPU.Build.0 = Debug|Any CPU
		{44081763-5133-442A-8339-C4324DFDE325}.Release|Any CPU.ActiveCfg = Release|Any CPU
		{44081763-5133-442A-8339-C4324DFDE325}.Release|Any CPU.Build.0 = Release|Any CPU
		{EF345610-EF4D-4F7E-84E4-EA942E6B83BC}.Debug|Any CPU.ActiveCfg = Debug|Any CPU
		{EF345610-EF4D-4F7E-84E4-EA942E6B83BC}.Debug|Any CPU.Build.0 = Debug|Any CPU
		{EF345610-EF4D-4F7E-84E4-EA942E6B83BC}.Release|Any CPU.ActiveCfg = Release|Any CPU
		{EF345610-EF4D-4F7E-84E4-EA942E6B83BC}.Release|Any CPU.Build.0 = Release|Any CPU
	EndGlobalSection
	GlobalSection(SolutionProperties) = preSolution
		HideSolutionNode = FALSE
	EndGlobalSection
	GlobalSection(ExtensibilityGlobals) = postSolution
		SolutionGuid = {9E49BCD9-1123-4638-890D-1D46346DFDE9}
	EndGlobalSection
EndGlobal
